
Microsoft Visual Studio Solution File, Format Version 12.00
# Visual Studio Version 17
VisualStudioVersion = 17.5.33502.453
MinimumVisualStudioVersion = 10.0.40219.1
Project("{9A19103F-16F7-4668-BE54-9A1E7A4F7556}") = "DeckGameApi", "DeckGameApi\DeckGameApi.csproj", "{4D0F3F27-CC68-4814-B18E-D5419ED63160}"
EndProject
Project("{FAE04EC0-301F-11D3-BF4B-00C04F79EFBC}") = "DeckGameApiTEST", "DeckGameApiTEST\DeckGameApiTEST.csproj", "{700CD411-6433-43A7-92CC-A76094345AE1}"
EndProject
Global
	GlobalSection(SolutionConfigurationPlatforms) = preSolution
		Debug|Any CPU = Debug|Any CPU
		Release|Any CPU = Release|Any CPU
	EndGlobalSection
	GlobalSection(ProjectConfigurationPlatforms) = postSolution
		{4D0F3F27-CC68-4814-B18E-D5419ED63160}.Debug|Any CPU.ActiveCfg = Debug|Any CPU
		{4D0F3F27-CC68-4814-B18E-D5419ED63160}.Debug|Any CPU.Build.0 = Debug|Any CPU
		{4D0F3F27-CC68-4814-B18E-D5419ED63160}.Release|Any CPU.ActiveCfg = Release|Any CPU
		{4D0F3F27-CC68-4814-B18E-D5419ED63160}.Release|Any CPU.Build.0 = Release|Any CPU
		{700CD411-6433-43A7-92CC-A76094345AE1}.Debug|Any CPU.ActiveCfg = Debug|Any CPU
		{700CD411-6433-43A7-92CC-A76094345AE1}.Debug|Any CPU.Build.0 = Debug|Any CPU
		{700CD411-6433-43A7-92CC-A76094345AE1}.Release|Any CPU.ActiveCfg = Release|Any CPU
		{700CD411-6433-43A7-92CC-A76094345AE1}.Release|Any CPU.Build.0 = Release|Any CPU
	EndGlobalSection
	GlobalSection(SolutionProperties) = preSolution
		HideSolutionNode = FALSE
	EndGlobalSection
	GlobalSection(ExtensibilityGlobals) = postSolution
		SolutionGuid = {D1EE37F7-1C0B-47D5-BD5C-34130332CD2F}
	EndGlobalSection
EndGlobal
